
Microsoft Visual Studio Solution File, Format Version 12.00
# Visual Studio Version 17
VisualStudioVersion = 17.0.31903.59
MinimumVisualStudioVersion = 10.0.40219.1
Project("{2150E333-8FDC-42A3-9474-1A3956D46DE8}") = "server", "server", "{DAD03CFC-D5FA-AC94-41C7-9ABAB326F09E}"
EndProject
Project("{FAE04EC0-301F-11D3-BF4B-00C04F79EFBC}") = "Api.Rest", "server\Api.Rest\Api.Rest.csproj", "{BAA15CA6-2F5B-42C6-BD7B-E7D56F0CF448}"
EndProject
Project("{FAE04EC0-301F-11D3-BF4B-00C04F79EFBC}") = "Api.WebSocket", "server\Api.WebSocket\Api.WebSocket.csproj", "{084962FC-CB50-4158-977F-AE16F7140DCC}"
EndProject
Project("{FAE04EC0-301F-11D3-BF4B-00C04F79EFBC}") = "Application", "server\Application\Application.csproj", "{A553141C-E850-48FE-B612-358DC94C752C}"
EndProject
Project("{FAE04EC0-301F-11D3-BF4B-00C04F79EFBC}") = "Core.Domain", "server\Core.Domain\Core.Domain.csproj", "{CD163201-7E3E-499E-AFC4-F9BEE403E1C5}"
EndProject
Project("{FAE04EC0-301F-11D3-BF4B-00C04F79EFBC}") = "Infrastructure.Postgres", "server\Infrastructure.Postgres\Infrastructure.Postgres.csproj", "{C2C6C485-AE58-4C67-A16B-F53CDDD33ADB}"
EndProject
Project("{FAE04EC0-301F-11D3-BF4B-00C04F79EFBC}") = "Infrastructure.WebSocket", "server\Infrastructure.WebSocket\Infrastructure.WebSocket.csproj", "{9F438C68-208F-40CF-9831-77EC12F2D990}"
EndProject
Project("{FAE04EC0-301F-11D3-BF4B-00C04F79EFBC}") = "Startup", "server\Startup\Startup.csproj", "{D5BF5D65-E2ED-4CC9-BCDD-26E9A7BD28D2}"
EndProject
Global
	GlobalSection(SolutionConfigurationPlatforms) = preSolution
		Debug|Any CPU = Debug|Any CPU
		Debug|x64 = Debug|x64
		Debug|x86 = Debug|x86
		Release|Any CPU = Release|Any CPU
		Release|x64 = Release|x64
		Release|x86 = Release|x86
	EndGlobalSection
	GlobalSection(ProjectConfigurationPlatforms) = postSolution
		{BAA15CA6-2F5B-42C6-BD7B-E7D56F0CF448}.Debug|Any CPU.ActiveCfg = Debug|Any CPU
		{BAA15CA6-2F5B-42C6-BD7B-E7D56F0CF448}.Debug|Any CPU.Build.0 = Debug|Any CPU
		{BAA15CA6-2F5B-42C6-BD7B-E7D56F0CF448}.Debug|x64.ActiveCfg = Debug|Any CPU
		{BAA15CA6-2F5B-42C6-BD7B-E7D56F0CF448}.Debug|x64.Build.0 = Debug|Any CPU
		{BAA15CA6-2F5B-42C6-BD7B-E7D56F0CF448}.Debug|x86.ActiveCfg = Debug|Any CPU
		{BAA15CA6-2F5B-42C6-BD7B-E7D56F0CF448}.Debug|x86.Build.0 = Debug|Any CPU
		{BAA15CA6-2F5B-42C6-BD7B-E7D56F0CF448}.Release|Any CPU.ActiveCfg = Release|Any CPU
		{BAA15CA6-2F5B-42C6-BD7B-E7D56F0CF448}.Release|Any CPU.Build.0 = Release|Any CPU
		{BAA15CA6-2F5B-42C6-BD7B-E7D56F0CF448}.Release|x64.ActiveCfg = Release|Any CPU
		{BAA15CA6-2F5B-42C6-BD7B-E7D56F0CF448}.Release|x64.Build.0 = Release|Any CPU
		{BAA15CA6-2F5B-42C6-BD7B-E7D56F0CF448}.Release|x86.ActiveCfg = Release|Any CPU
		{BAA15CA6-2F5B-42C6-BD7B-E7D56F0CF448}.Release|x86.Build.0 = Release|Any CPU
		{084962FC-CB50-4158-977F-AE16F7140DCC}.Debug|Any CPU.ActiveCfg = Debug|Any CPU
		{084962FC-CB50-4158-977F-AE16F7140DCC}.Debug|Any CPU.Build.0 = Debug|Any CPU
		{084962FC-CB50-4158-977F-AE16F7140DCC}.Debug|x64.ActiveCfg = Debug|Any CPU
		{084962FC-CB50-4158-977F-AE16F7140DCC}.Debug|x64.Build.0 = Debug|Any CPU
		{084962FC-CB50-4158-977F-AE16F7140DCC}.Debug|x86.ActiveCfg = Debug|Any CPU
		{084962FC-CB50-4158-977F-AE16F7140DCC}.Debug|x86.Build.0 = Debug|Any CPU
		{084962FC-CB50-4158-977F-AE16F7140DCC}.Release|Any CPU.ActiveCfg = Release|Any CPU
		{084962FC-CB50-4158-977F-AE16F7140DCC}.Release|Any CPU.Build.0 = Release|Any CPU
		{084962FC-CB50-4158-977F-AE16F7140DCC}.Release|x64.ActiveCfg = Release|Any CPU
		{084962FC-CB50-4158-977F-AE16F7140DCC}.Release|x64.Build.0 = Release|Any CPU
		{084962FC-CB50-4158-977F-AE16F7140DCC}.Release|x86.ActiveCfg = Release|Any CPU
		{084962FC-CB50-4158-977F-AE16F7140DCC}.Release|x86.Build.0 = Release|Any CPU
		{A553141C-E850-48FE-B612-358DC94C752C}.Debug|Any CPU.ActiveCfg = Debug|Any CPU
		{A553141C-E850-48FE-B612-358DC94C752C}.Debug|Any CPU.Build.0 = Debug|Any CPU
		{A553141C-E850-48FE-B612-358DC94C752C}.Debug|x64.ActiveCfg = Debug|Any CPU
		{A553141C-E850-48FE-B612-358DC94C752C}.Debug|x64.Build.0 = Debug|Any CPU
		{A553141C-E850-48FE-B612-358DC94C752C}.Debug|x86.ActiveCfg = Debug|Any CPU
		{A553141C-E850-48FE-B612-358DC94C752C}.Debug|x86.Build.0 = Debug|Any CPU
		{A553141C-E850-48FE-B612-358DC94C752C}.Release|Any CPU.ActiveCfg = Release|Any CPU
		{A553141C-E850-48FE-B612-358DC94C752C}.Release|Any CPU.Build.0 = Release|Any CPU
		{A553141C-E850-48FE-B612-358DC94C752C}.Release|x64.ActiveCfg = Release|Any CPU
		{A553141C-E850-48FE-B612-358DC94C752C}.Release|x64.Build.0 = Release|Any CPU
		{A553141C-E850-48FE-B612-358DC94C752C}.Release|x86.ActiveCfg = Release|Any CPU
		{A553141C-E850-48FE-B612-358DC94C752C}.Release|x86.Build.0 = Release|Any CPU
		{CD163201-7E3E-499E-AFC4-F9BEE403E1C5}.Debug|Any CPU.ActiveCfg = Debug|Any CPU
		{CD163201-7E3E-499E-AFC4-F9BEE403E1C5}.Debug|Any CPU.Build.0 = Debug|Any CPU
		{CD163201-7E3E-499E-AFC4-F9BEE403E1C5}.Debug|x64.ActiveCfg = Debug|Any CPU
		{CD163201-7E3E-499E-AFC4-F9BEE403E1C5}.Debug|x64.Build.0 = Debug|Any CPU
		{CD163201-7E3E-499E-AFC4-F9BEE403E1C5}.Debug|x86.ActiveCfg = Debug|Any CPU
		{CD163201-7E3E-499E-AFC4-F9BEE403E1C5}.Debug|x86.Build.0 = Debug|Any CPU
		{CD163201-7E3E-499E-AFC4-F9BEE403E1C5}.Release|Any CPU.ActiveCfg = Release|Any CPU
		{CD163201-7E3E-499E-AFC4-F9BEE403E1C5}.Release|Any CPU.Build.0 = Release|Any CPU
		{CD163201-7E3E-499E-AFC4-F9BEE403E1C5}.Release|x64.ActiveCfg = Release|Any CPU
		{CD163201-7E3E-499E-AFC4-F9BEE403E1C5}.Release|x64.Build.0 = Release|Any CPU
		{CD163201-7E3E-499E-AFC4-F9BEE403E1C5}.Release|x86.ActiveCfg = Release|Any CPU
		{CD163201-7E3E-499E-AFC4-F9BEE403E1C5}.Release|x86.Build.0 = Release|Any CPU
		{C2C6C485-AE58-4C67-A16B-F53CDDD33ADB}.Debug|Any CPU.ActiveCfg = Debug|Any CPU
		{C2C6C485-AE58-4C67-A16B-F53CDDD33ADB}.Debug|Any CPU.Build.0 = Debug|Any CPU
		{C2C6C485-AE58-4C67-A16B-F53CDDD33ADB}.Debug|x64.ActiveCfg = Debug|Any CPU
		{C2C6C485-AE58-4C67-A16B-F53CDDD33ADB}.Debug|x64.Build.0 = Debug|Any CPU
		{C2C6C485-AE58-4C67-A16B-F53CDDD33ADB}.Debug|x86.ActiveCfg = Debug|Any CPU
		{C2C6C485-AE58-4C67-A16B-F53CDDD33ADB}.Debug|x86.Build.0 = Debug|Any CPU
		{C2C6C485-AE58-4C67-A16B-F53CDDD33ADB}.Release|Any CPU.ActiveCfg = Release|Any CPU
		{C2C6C485-AE58-4C67-A16B-F53CDDD33ADB}.Release|Any CPU.Build.0 = Release|Any CPU
		{C2C6C485-AE58-4C67-A16B-F53CDDD33ADB}.Release|x64.ActiveCfg = Release|Any CPU
		{C2C6C485-AE58-4C67-A16B-F53CDDD33ADB}.Release|x64.Build.0 = Release|Any CPU
		{C2C6C485-AE58-4C67-A16B-F53CDDD33ADB}.Release|x86.ActiveCfg = Release|Any CPU
		{C2C6C485-AE58-4C67-A16B-F53CDDD33ADB}.Release|x86.Build.0 = Release|Any CPU
		{9F438C68-208F-40CF-9831-77EC12F2D990}.Debug|Any CPU.ActiveCfg = Debug|Any CPU
		{9F438C68-208F-40CF-9831-77EC12F2D990}.Debug|Any CPU.Build.0 = Debug|Any CPU
		{9F438C68-208F-40CF-9831-77EC12F2D990}.Debug|x64.ActiveCfg = Debug|Any CPU
		{9F438C68-208F-40CF-9831-77EC12F2D990}.Debug|x64.Build.0 = Debug|Any CPU
		{9F438C68-208F-40CF-9831-77EC12F2D990}.Debug|x86.ActiveCfg = Debug|Any CPU
		{9F438C68-208F-40CF-9831-77EC12F2D990}.Debug|x86.Build.0 = Debug|Any CPU
		{9F438C68-208F-40CF-9831-77EC12F2D990}.Release|Any CPU.ActiveCfg = Release|Any CPU
		{9F438C68-208F-40CF-9831-77EC12F2D990}.Release|Any CPU.Build.0 = Release|Any CPU
		{9F438C68-208F-40CF-9831-77EC12F2D990}.Release|x64.ActiveCfg = Release|Any CPU
		{9F438C68-208F-40CF-9831-77EC12F2D990}.Release|x64.Build.0 = Release|Any CPU
		{9F438C68-208F-40CF-9831-77EC12F2D990}.Release|x86.ActiveCfg = Release|Any CPU
		{9F438C68-208F-40CF-9831-77EC12F2D990}.Release|x86.Build.0 = Release|Any CPU
		{D5BF5D65-E2ED-4CC9-BCDD-26E9A7BD28D2}.Debug|Any CPU.ActiveCfg = Debug|Any CPU
		{D5BF5D65-E2ED-4CC9-BCDD-26E9A7BD28D2}.Debug|Any CPU.Build.0 = Debug|Any CPU
		{D5BF5D65-E2ED-4CC9-BCDD-26E9A7BD28D2}.Debug|x64.ActiveCfg = Debug|Any CPU
		{D5BF5D65-E2ED-4CC9-BCDD-26E9A7BD28D2}.Debug|x64.Build.0 = Debug|Any CPU
		{D5BF5D65-E2ED-4CC9-BCDD-26E9A7BD28D2}.Debug|x86.ActiveCfg = Debug|Any CPU
		{D5BF5D65-E2ED-4CC9-BCDD-26E9A7BD28D2}.Debug|x86.Build.0 = Debug|Any CPU
		{D5BF5D65-E2ED-4CC9-BCDD-26E9A7BD28D2}.Release|Any CPU.ActiveCfg = Release|Any CPU
		{D5BF5D65-E2ED-4CC9-BCDD-26E9A7BD28D2}.Release|Any CPU.Build.0 = Release|Any CPU
		{D5BF5D65-E2ED-4CC9-BCDD-26E9A7BD28D2}.Release|x64.ActiveCfg = Release|Any CPU
		{D5BF5D65-E2ED-4CC9-BCDD-26E9A7BD28D2}.Release|x64.Build.0 = Release|Any CPU
		{D5BF5D65-E2ED-4CC9-BCDD-26E9A7BD28D2}.Release|x86.ActiveCfg = Release|Any CPU
		{D5BF5D65-E2ED-4CC9-BCDD-26E9A7BD28D2}.Release|x86.Build.0 = Release|Any CPU
	EndGlobalSection
	GlobalSection(SolutionProperties) = preSolution
		HideSolutionNode = FALSE
	EndGlobalSection
	GlobalSection(NestedProjects) = preSolution
		{BAA15CA6-2F5B-42C6-BD7B-E7D56F0CF448} = {DAD03CFC-D5FA-AC94-41C7-9ABAB326F09E}
		{084962FC-CB50-4158-977F-AE16F7140DCC} = {DAD03CFC-D5FA-AC94-41C7-9ABAB326F09E}
		{A553141C-E850-48FE-B612-358DC94C752C} = {DAD03CFC-D5FA-AC94-41C7-9ABAB326F09E}
		{CD163201-7E3E-499E-AFC4-F9BEE403E1C5} = {DAD03CFC-D5FA-AC94-41C7-9ABAB326F09E}
		{C2C6C485-AE58-4C67-A16B-F53CDDD33ADB} = {DAD03CFC-D5FA-AC94-41C7-9ABAB326F09E}
		{9F438C68-208F-40CF-9831-77EC12F2D990} = {DAD03CFC-D5FA-AC94-41C7-9ABAB326F09E}
		{D5BF5D65-E2ED-4CC9-BCDD-26E9A7BD28D2} = {DAD03CFC-D5FA-AC94-41C7-9ABAB326F09E}
	EndGlobalSection
EndGlobal
